PODS:
  - Alamofire (5.4.3)
  - DropDown (2.3.13)
  - Moya (14.0.0):
    - Moya/Core (= 14.0.0)
  - Moya/Core (14.0.0):
    - Alamofire (~> 5.0)
  - RxSwift (6.2.0)
  - SwiftKeychainWrapper (4.0.1)
  - SwiftyJSON (5.0.1)

DEPENDENCIES:
  - DropDown
  - Moya
  - RxSwift
  - SwiftKeychainWrapper
  - SwiftyJSON

SPEC REPOS:
  trunk:
    - Alamofire
    - DropDown
    - Moya
    - RxSwift
    - SwiftKeychainWrapper
    - SwiftyJSON

SPEC CHECKSUMS:
  Alamofire: e447a2774a40c996748296fa2c55112fdbbc42f9
  DropDown: 8a2116376c1981888557f72ec2ffc9a5e0e456ec
  Moya: 5b45dacb75adb009f97fde91c204c1e565d31916
  RxSwift: d356ab7bee873611322f134c5f9ef379fa183d8f
  SwiftKeychainWrapper: 807ba1d63c33a7d0613288512399cd1eda1e470c
  SwiftyJSON: 2f33a42c6fbc52764d96f13368585094bfd8aa5e

PODFILE CHECKSUM: d0cf20de02ff4c5788b02d3d5729f10de4f773ba

COCOAPODS: 1.10.1
